<?xml version="1.0" encoding="utf-8"?>
<Project ToolsVersion="4.0" xmlns="http://schemas.microsoft.com/developer/msbuild/2003">
  <ItemGroup>
    <Filter Include="Source Files">
      <UniqueIdentifier>{4FC737F1-C7A5-4376-A066-2A32D752A2FF}</UniqueIdentifier>
      <Extensions>cpp;c;cc;cxx;def;odl;idl;hpj;bat;asm;asmx</Extensions>
    </Filter>
    <Filter Include="Header Files">
      <UniqueIdentifier>{93995380-89BD-4b04-88EB-625FBE52EBFB}</UniqueIdentifier>
      <Extensions>h;hh;hpp;hxx;hm;inl;inc;ipp;xsd</Extensions>
    </Filter>
  </ItemGroup>
  <ItemGroup>
    <ClInclude Include="..\tests\soter\soter_test.h">
      <Filter>Header Files</Filter>
    </ClInclude>
    <ClInclude Include="..\tests\common\sput.h">
      <Filter>Header Files</Filter>
    </ClInclude>
    <ClInclude Include="..\tests\common\test_utils.h">
      <Filter>Header Files</Filter>
    </ClInclude>
  </ItemGroup>
  <ItemGroup>
    <ClCompile Include="..\tests\soter\soter_asym_cipher_test.c">
      <Filter>Source Files</Filter>
    </ClCompile>
    <ClCompile Include="..\tests\soter\soter_asym_ka_test.c">
      <Filter>Source Files</Filter>
    </ClCompile>
    <ClCompile Include="..\tests\soter\soter_hash_test.c">
      <Filter>Source Files</Filter>
    </ClCompile>
    <ClCompile Include="..\tests\soter\soter_hmac_test.c">
      <Filter>Source Files</Filter>
    </ClCompile>
    <ClCompile Include="..\tests\soter\soter_rand_test.c">
      <Filter>Source Files</Filter>
    </ClCompile>
    <ClCompile Include="..\tests\soter\soter_sign_test.c">
      <Filter>Source Files</Filter>
    </ClCompile>
    <ClCompile Include="..\tests\soter\soter_sym_test.c">
      <Filter>Source Files</Filter>
    </ClCompile>
    <ClCompile Include="..\tests\soter\soter_test.c">
      <Filter>Source Files</Filter>
    </ClCompile>
    <ClCompile Include="..\tests\common\test_utils.c">
      <Filter>Source Files</Filter>
    </ClCompile>
  </ItemGroup>
</Project>